# This file is generated by running "yarn install" inside your project.
# Manual changes might be lost - proceed with caution!

__metadata:
  version: 6

"@dark-engine/core@workspace:.":
  version: 0.0.0-use.local
  resolution: "@dark-engine/core@workspace:."
  languageName: unknown
  linkType: soft
