# This file is generated by running "yarn install" inside your project.
# Manual changes might be lost - proceed with caution!

__metadata:
  version: 8
  cacheKey: 10

"@dark-engine/platform-native@workspace:.":
  version: 0.0.0-use.local
  resolution: "@dark-engine/platform-native@workspace:."
  dependencies:
    "@nativescript/core": "npm:8.8.6"
  peerDependencies:
    "@dark-engine/animations": "*"
    "@dark-engine/core": "*"
    "@nativescript/core": "*"
  languageName: unknown
  linkType: soft

"@nativescript/core@npm:8.8.6":
  version: 8.8.6
  resolution: "@nativescript/core@npm:8.8.6"
  dependencies:
    "@nativescript/hook": "npm:~2.0.0"
    acorn: "npm:^8.7.0"
    css-tree: "npm:^1.1.2"
    css-what: "npm:^6.1.0"
    emoji-regex: "npm:^10.2.1"
    reduce-css-calc: "npm:^2.1.7"
    tslib: "npm:^2.0.0"
  checksum: 10/5d1e85d9260b3b6135fbdfcba6d005acab9446ce25e3b6b37a2ec89be5531d6c3f628354affb589004881e7fddccd91bd7b2f17c1ed503d10602ea7b0c3343eb
  languageName: node
  linkType: hard

"@nativescript/hook@npm:~2.0.0":
  version: 2.0.0
  resolution: "@nativescript/hook@npm:2.0.0"
  dependencies:
    glob: "npm:^7.1.0"
    mkdirp: "npm:^1.0.4"
  checksum: 10/fbc93d6e9e7585febd59f0aed0ca3f39d94edbff623b308046fa0e74ef4c1643dbeda921d507bd5a5d54f2c8457d4a6b6bf4c1eaffe5f151c178d03d8083b8ca
  languageName: node
  linkType: hard

"acorn@npm:^8.7.0":
  version: 8.11.3
  resolution: "acorn@npm:8.11.3"
  bin:
    acorn: bin/acorn
  checksum: 10/b688e7e3c64d9bfb17b596e1b35e4da9d50553713b3b3630cf5690f2b023a84eac90c56851e6912b483fe60e8b4ea28b254c07e92f17ef83d72d78745a8352dd
  languageName: node
  linkType: hard

"balanced-match@npm:^1.0.0":
  version: 1.0.2
  resolution: "balanced-match@npm:1.0.2"
  checksum: 10/9706c088a283058a8a99e0bf91b0a2f75497f185980d9ffa8b304de1d9e58ebda7c72c07ebf01dadedaac5b2907b2c6f566f660d62bd336c3468e960403b9d65
  languageName: node
  linkType: hard

"brace-expansion@npm:^1.1.7":
  version: 1.1.11
  resolution: "brace-expansion@npm:1.1.11"
  dependencies:
    balanced-match: "npm:^1.0.0"
    concat-map: "npm:0.0.1"
  checksum: 10/faf34a7bb0c3fcf4b59c7808bc5d2a96a40988addf2e7e09dfbb67a2251800e0d14cd2bfc1aa79174f2f5095c54ff27f46fb1289fe2d77dac755b5eb3434cc07
  languageName: node
  linkType: hard

"concat-map@npm:0.0.1":
  version: 0.0.1
  resolution: "concat-map@npm:0.0.1"
  checksum: 10/9680699c8e2b3af0ae22592cb764acaf973f292a7b71b8a06720233011853a58e256c89216a10cbe889727532fd77f8bcd49a760cedfde271b8e006c20e079f2
  languageName: node
  linkType: hard

"css-tree@npm:^1.1.2":
  version: 1.1.3
  resolution: "css-tree@npm:1.1.3"
  dependencies:
    mdn-data: "npm:2.0.14"
    source-map: "npm:^0.6.1"
  checksum: 10/29710728cc4b136f1e9b23ee1228ec403ec9f3d487bc94a9c5dbec563c1e08c59bc917dd6f82521a35e869ff655c298270f43ca673265005b0cd05b292eb05ab
  languageName: node
  linkType: hard

"css-unit-converter@npm:^1.1.1":
  version: 1.1.2
  resolution: "css-unit-converter@npm:1.1.2"
  checksum: 10/1058d7ce913caa07ae441f0536bb34a7ef0cfd7eb5e5194d440e7a4f4261cbb320720546db345d0e34b842e114d7b7e3817433e9b3efaee3ba25340627ed52e5
  languageName: node
  linkType: hard

"css-what@npm:^6.1.0":
  version: 6.1.0
  resolution: "css-what@npm:6.1.0"
  checksum: 10/c67a3a2d0d81843af87f8bf0a4d0845b0f952377714abbb2884e48942409d57a2110eabee003609d02ee487b054614bdfcfc59ee265728ff105bd5aa221c1d0e
  languageName: node
  linkType: hard

"emoji-regex@npm:^10.2.1":
  version: 10.3.0
  resolution: "emoji-regex@npm:10.3.0"
  checksum: 10/b9b084ebe904f13bb4b66ee4c29fb41a7a4a1165adcc33c1ce8056c0194b882cc91ebdc782f1a779b5d7ea7375c5064643a7734893d7c657b44c5c6b9d7bf1e7
  languageName: node
  linkType: hard

"fs.realpath@npm:^1.0.0":
  version: 1.0.0
  resolution: "fs.realpath@npm:1.0.0"
  checksum: 10/e703107c28e362d8d7b910bbcbfd371e640a3bb45ae157a362b5952c0030c0b6d4981140ec319b347bce7adc025dd7813da1ff908a945ac214d64f5402a51b96
  languageName: node
  linkType: hard

"glob@npm:^7.1.0":
  version: 7.2.3
  resolution: "glob@npm:7.2.3"
  dependencies:
    fs.realpath: "npm:^1.0.0"
    inflight: "npm:^1.0.4"
    inherits: "npm:2"
    minimatch: "npm:^3.1.1"
    once: "npm:^1.3.0"
    path-is-absolute: "npm:^1.0.0"
  checksum: 10/59452a9202c81d4508a43b8af7082ca5c76452b9fcc4a9ab17655822e6ce9b21d4f8fbadabe4fe3faef448294cec249af305e2cd824b7e9aaf689240e5e96a7b
  languageName: node
  linkType: hard

"inflight@npm:^1.0.4":
  version: 1.0.6
  resolution: "inflight@npm:1.0.6"
  dependencies:
    once: "npm:^1.3.0"
    wrappy: "npm:1"
  checksum: 10/d2ebd65441a38c8336c223d1b80b921b9fa737e37ea466fd7e253cb000c64ae1f17fa59e68130ef5bda92cfd8d36b83d37dab0eb0a4558bcfec8e8cdfd2dcb67
  languageName: node
  linkType: hard

"inherits@npm:2":
  version: 2.0.4
  resolution: "inherits@npm:2.0.4"
  checksum: 10/cd45e923bee15186c07fa4c89db0aace24824c482fb887b528304694b2aa6ff8a898da8657046a5dcf3e46cd6db6c61629551f9215f208d7c3f157cf9b290521
  languageName: node
  linkType: hard

"mdn-data@npm:2.0.14":
  version: 2.0.14
  resolution: "mdn-data@npm:2.0.14"
  checksum: 10/64c629fcf14807e30d6dc79f97cbcafa16db066f53a294299f3932b3beb0eb0d1386d3a7fe408fc67348c449a4e0999360c894ba4c81eb209d7be4e36503de0e
  languageName: node
  linkType: hard

"minimatch@npm:^3.1.1":
  version: 3.1.2
  resolution: "minimatch@npm:3.1.2"
  dependencies:
    brace-expansion: "npm:^1.1.7"
  checksum: 10/e0b25b04cd4ec6732830344e5739b13f8690f8a012d73445a4a19fbc623f5dd481ef7a5827fde25954cd6026fede7574cc54dc4643c99d6c6b653d6203f94634
  languageName: node
  linkType: hard

"mkdirp@npm:^1.0.4":
  version: 1.0.4
  resolution: "mkdirp@npm:1.0.4"
  bin:
    mkdirp: bin/cmd.js
  checksum: 10/d71b8dcd4b5af2fe13ecf3bd24070263489404fe216488c5ba7e38ece1f54daf219e72a833a3a2dc404331e870e9f44963a33399589490956bff003a3404d3b2
  languageName: node
  linkType: hard

"once@npm:^1.3.0":
  version: 1.4.0
  resolution: "once@npm:1.4.0"
  dependencies:
    wrappy: "npm:1"
  checksum: 10/cd0a88501333edd640d95f0d2700fbde6bff20b3d4d9bdc521bdd31af0656b5706570d6c6afe532045a20bb8dc0849f8332d6f2a416e0ba6d3d3b98806c7db68
  languageName: node
  linkType: hard

"path-is-absolute@npm:^1.0.0":
  version: 1.0.1
  resolution: "path-is-absolute@npm:1.0.1"
  checksum: 10/060840f92cf8effa293bcc1bea81281bd7d363731d214cbe5c227df207c34cd727430f70c6037b5159c8a870b9157cba65e775446b0ab06fd5ecc7e54615a3b8
  languageName: node
  linkType: hard

"postcss-value-parser@npm:^3.3.0":
  version: 3.3.1
  resolution: "postcss-value-parser@npm:3.3.1"
  checksum: 10/e8bc676092ad0c4a628e8d7b06ef1844a157bcce22e489d72ac661d6d47b8e8e7c342e5e0da807056a0a2fced1372fff0f67fbfd6e06fd8509828ac6190b54ae
  languageName: node
  linkType: hard

"reduce-css-calc@npm:^2.1.7":
  version: 2.1.8
  resolution: "reduce-css-calc@npm:2.1.8"
  dependencies:
    css-unit-converter: "npm:^1.1.1"
    postcss-value-parser: "npm:^3.3.0"
  checksum: 10/ad0269e4f32e80d184faa76746db825917c9482a5aa2d455c249261515916e3607d053667444269b6b8f21d0952bd29f6e24a1fb811838f55d91404bea3d2c1d
  languageName: node
  linkType: hard

"source-map@npm:^0.6.1":
  version: 0.6.1
  resolution: "source-map@npm:0.6.1"
  checksum: 10/59ef7462f1c29d502b3057e822cdbdae0b0e565302c4dd1a95e11e793d8d9d62006cdc10e0fd99163ca33ff2071360cf50ee13f90440806e7ed57d81cba2f7ff
  languageName: node
  linkType: hard

"tslib@npm:^2.0.0":
  version: 2.6.2
  resolution: "tslib@npm:2.6.2"
  checksum: 10/bd26c22d36736513980091a1e356378e8b662ded04204453d353a7f34a4c21ed0afc59b5f90719d4ba756e581a162ecbf93118dc9c6be5acf70aa309188166ca
  languageName: node
  linkType: hard

"wrappy@npm:1":
  version: 1.0.2
  resolution: "wrappy@npm:1.0.2"
  checksum: 10/159da4805f7e84a3d003d8841557196034155008f817172d4e986bd591f74aa82aa7db55929a54222309e01079a65a92a9e6414da5a6aa4b01ee44a511ac3ee5
  languageName: node
  linkType: hard
